// !$*UTF8*$!
{
	archiveVersion = 1;
	classes = {
	};
	objectVersion = 46;
	objects = {

/* Begin PBXBuildFile section */
		B7DFD46E1D00985900146074 /* AppDelegate.swift in Sources */ = {isa = PBXBuildFile; fileRef = B7DFD46D1D00985900146074 /* AppDelegate.swift */; };
		B7DFD4701D00985900146074 /* ViewController.swift in Sources */ = {isa = PBXBuildFile; fileRef = B7DFD46F1D00985900146074 /* ViewController.swift */; };
		B7DFD4731D00985900146074 /* Main.storyboard in Resources */ = {isa = PBXBuildFile; fileRef = B7DFD4711D00985900146074 /* Main.storyboard */; };
		B7DFD4751D00985900146074 /* Assets.xcassets in Resources */ = {isa = PBXBuildFile; fileRef = B7DFD4741D00985900146074 /* Assets.xcassets */; };
		B7DFD4781D00985900146074 /* LaunchScreen.storyboard in Resources */ = {isa = PBXBuildFile; fileRef = B7DFD4761D00985900146074 /* LaunchScreen.storyboard */; };
		B7DFD4831D00985900146074 /* times_tablesTests.swift in Sources */ = {isa = PBXBuildFile; fileRef = B7DFD4821D00985900146074 /* times_tablesTests.swift */; };
		B7DFD48E1D00985900146074 /* times_tablesUITests.swift in Sources */ = {isa = PBXBuildFile; fileRef = B7DFD48D1D00985900146074 /* times_tablesUITests.swift */; };
/* End PBXBuildFile section */

/* Begin PBXContainerItemProxy section */
		B7DFD47F1D00985900146074 /* PBXContainerItemProxy */ = {
			isa = PBXContainerItemProxy;
			containerPortal = B7DFD4621D00985900146074 /* Project object */;
			proxyType = 1;
			remoteGlobalIDString = B7DFD4691D00985900146074;
			remoteInfo = "times-tables";
		};
		B7DFD48A1D00985900146074 /* PBXContainerItemProxy */ = {
			isa = PBXContainerItemProxy;
			containerPortal = B7DFD4621D00985900146074 /* Project object */;
			proxyType = 1;
			remoteGlobalIDString = B7DFD4691D00985900146074;
			remoteInfo = "times-tables";
		};
/* End PBXContainerItemProxy section */

/* Begin PBXFileReference section */
		B7DFD46A1D00985900146074 /* times-tables.app */ = {isa = PBXFileReference; explicitFileType = wrapper.application; includeInIndex = 0; path = "times-tables.app"; sourceTree = BUILT_PRODUCTS_DIR; };
		B7DFD46D1D00985900146074 /* AppDelegate.swift */ = {isa = PBXFileReference; lastKnownFileType = sourcecode.swift; path = AppDelegate.swift; sourceTree = "<group>"; };
		B7DFD46F1D00985900146074 /* ViewController.swift */ = {isa = PBXFileReference; lastKnownFileType = sourcecode.swift; path = ViewController.swift; sourceTree = "<group>"; };
		B7DFD4721D00985900146074 /* Base */ = {isa = PBXFileReference; lastKnownFileType = file.storyboard; name = Base; path = Base.lproj/Main.storyboard; sourceTree = "<group>"; };
		B7DFD4741D00985900146074 /* Assets.xcassets */ = {isa = PBXFileReference; lastKnownFileType = folder.assetcatalog; path = Assets.xcassets; sourceTree = "<group>"; };
		B7DFD4771D00985900146074 /* Base */ = {isa = PBXFileReference; lastKnownFileType = file.storyboard; name = Base; path = Base.lproj/LaunchScreen.storyboard; sourceTree = "<group>"; };
		B7DFD4791D00985900146074 /* Info.plist */ = {isa = PBXFileReference; lastKnownFileType = text.plist.xml; path = Info.plist; sourceTree = "<group>"; };
		B7DFD47E1D00985900146074 /* times-tablesTests.xctest */ = {isa = PBXFileReference; explicitFileType = wrapper.cfbundle; includeInIndex = 0; path = "times-tablesTests.xctest"; sourceTree = BUILT_PRODUCTS_DIR; };
		B7DFD4821D00985900146074 /* times_tablesTests.swift */ = {isa = PBXFileReference; lastKnownFileType = sourcecode.swift; path = times_tablesTests.swift; sourceTree = "<group>"; };
		B7DFD4841D00985900146074 /* Info.plist */ = {isa = PBXFileReference; lastKnownFileType = text.plist.xml; path = Info.plist; sourceTree = "<group>"; };
		B7DFD4891D00985900146074 /* times-tablesUITests.xctest */ = {isa = PBXFileReference; explicitFileType = wrapper.cfbundle; includeInIndex = 0; path = "times-tablesUITests.xctest"; sourceTree = BUILT_PRODUCTS_DIR; };
		B7DFD48D1D00985900146074 /* times_tablesUITests.swift */ = {isa = PBXFileReference; lastKnownFileType = sourcecode.swift; path = times_tablesUITests.swift; sourceTree = "<group>"; };
		B7DFD48F1D00985900146074 /* Info.plist */ = {isa = PBXFileReference; lastKnownFileType = text.plist.xml; path = Info.plist; sourceTree = "<group>"; };
/* End PBXFileReference section */

/* Begin PBXFrameworksBuildPhase section */
		B7DFD4671D00985900146074 /* Frameworks */ = {
			isa = PBXFrameworksBuildPhase;
			buildActionMask = 2147483647;
			files = (
			);
			runOnlyForDeploymentPostprocessing = 0;
		};
		B7DFD47B1D00985900146074 /* Frameworks */ = {
			isa = PBXFrameworksBuildPhase;
			buildActionMask = 2147483647;
			files = (
			);
			runOnlyForDeploymentPostprocessing = 0;
		};
		B7DFD4861D00985900146074 /* Frameworks */ = {
			isa = PBXFrameworksBuildPhase;
			buildActionMask = 2147483647;
			files = (
			);
			runOnlyForDeploymentPostprocessing = 0;
		};
/* End PBXFrameworksBuildPhase section */

/* Begin PBXGroup section */
		B7DFD4611D00985900146074 = {
			isa = PBXGroup;
			children = (
				B7DFD46C1D00985900146074 /* times-tables */,
				B7DFD4811D00985900146074 /* times-tablesTests */,
				B7DFD48C1D00985900146074 /* times-tablesUITests */,
				B7DFD46B1D00985900146074 /* Products */,
			);
			sourceTree = "<group>";
		};
		B7DFD46B1D00985900146074 /* Products */ = {
			isa = PBXGroup;
			children = (
				B7DFD46A1D00985900146074 /* times-tables.app */,
				B7DFD47E1D00985900146074 /* times-tablesTests.xctest */,
				B7DFD4891D00985900146074 /* times-tablesUITests.xctest */,
			);
			name = Products;
			sourceTree = "<group>";
		};
		B7DFD46C1D00985900146074 /* times-tables */ = {
			isa = PBXGroup;
			children = (
				B7DFD46D1D00985900146074 /* AppDelegate.swift */,
				B7DFD46F1D00985900146074 /* ViewController.swift */,
				B7DFD4711D00985900146074 /* Main.storyboard */,
				B7DFD4741D00985900146074 /* Assets.xcassets */,
				B7DFD4761D00985900146074 /* LaunchScreen.storyboard */,
				B7DFD4791D00985900146074 /* Info.plist */,
			);
			path = "times-tables";
			sourceTree = "<group>";
		};
		B7DFD4811D00985900146074 /* times-tablesTests */ = {
			isa = PBXGroup;
			children = (
				B7DFD4821D00985900146074 /* times_tablesTests.swift */,
				B7DFD4841D00985900146074 /* Info.plist */,
			);
			path = "times-tablesTests";
			sourceTree = "<group>";
		};
		B7DFD48C1D00985900146074 /* times-tablesUITests */ = {
			isa = PBXGroup;
			children = (
				B7DFD48D1D00985900146074 /* times_tablesUITests.swift */,
				B7DFD48F1D00985900146074 /* Info.plist */,
			);
			path = "times-tablesUITests";
			sourceTree = "<group>";
		};
/* End PBXGroup section */

/* Begin PBXNativeTarget section */
		B7DFD4691D00985900146074 /* times-tables */ = {
			isa = PBXNativeTarget;
			buildConfigurationList = B7DFD4921D00985900146074 /* Build configuration list for PBXNativeTarget "times-tables" */;
			buildPhases = (
				B7DFD4661D00985900146074 /* Sources */,
				B7DFD4671D00985900146074 /* Frameworks */,
				B7DFD4681D00985900146074 /* Resources */,
			);
			buildRules = (
			);
			dependencies = (
			);
			name = "times-tables";
			productName = "times-tables";
			productReference = B7DFD46A1D00985900146074 /* times-tables.app */;
			productType = "com.apple.product-type.application";
		};
		B7DFD47D1D00985900146074 /* times-tablesTests */ = {
			isa = PBXNativeTarget;
			buildConfigurationList = B7DFD4951D00985900146074 /* Build configuration list for PBXNativeTarget "times-tablesTests" */;
			buildPhases = (
				B7DFD47A1D00985900146074 /* Sources */,
				B7DFD47B1D00985900146074 /* Frameworks */,
				B7DFD47C1D00985900146074 /* Resources */,
			);
			buildRules = (
			);
			dependencies = (
				B7DFD4801D00985900146074 /* PBXTargetDependency */,
			);
			name = "times-tablesTests";
			productName = "times-tablesTests";
			productReference = B7DFD47E1D00985900146074 /* times-tablesTests.xctest */;
			productType = "com.apple.product-type.bundle.unit-test";
		};
		B7DFD4881D00985900146074 /* times-tablesUITests */ = {
			isa = PBXNativeTarget;
			buildConfigurationList = B7DFD4981D00985900146074 /* Build configuration list for PBXNativeTarget "times-tablesUITests" */;
			buildPhases = (
				B7DFD4851D00985900146074 /* Sources */,
				B7DFD4861D00985900146074 /* Frameworks */,
				B7DFD4871D00985900146074 /* Resources */,
			);
			buildRules = (
			);
			dependencies = (
				B7DFD48B1D00985900146074 /* PBXTargetDependency */,
			);
			name = "times-tablesUITests";
			productName = "times-tablesUITests";
			productReference = B7DFD4891D00985900146074 /* times-tablesUITests.xctest */;
			productType = "com.apple.product-type.bundle.ui-testing";
		};
/* End PBXNativeTarget section */

/* Begin PBXProject section */
		B7DFD4621D00985900146074 /* Project object */ = {
			isa = PBXProject;
			attributes = {
				LastSwiftUpdateCheck = 0730;
				LastUpgradeCheck = 0730;
				ORGANIZATIONNAME = "Lucas Le";
				TargetAttributes = {
					B7DFD4691D00985900146074 = {
						CreatedOnToolsVersion = 7.3.1;
					};
					B7DFD47D1D00985900146074 = {
						CreatedOnToolsVersion = 7.3.1;
						TestTargetID = B7DFD4691D00985900146074;
					};
					B7DFD4881D00985900146074 = {
						CreatedOnToolsVersion = 7.3.1;
						TestTargetID = B7DFD4691D00985900146074;
					};
				};
			};
			buildConfigurationList = B7DFD4651D00985900146074 /* Build configuration list for PBXProject "times-tables" */;
			compatibilityVersion = "Xcode 3.2";
			developmentRegion = English;
			hasScannedForEncodings = 0;
			knownRegions = (
				en,
				Base,
			);
			mainGroup = B7DFD4611D00985900146074;
			productRefGroup = B7DFD46B1D00985900146074 /* Products */;
			projectDirPath = "";
			projectRoot = "";
			targets = (
				B7DFD4691D00985900146074 /* times-tables */,
				B7DFD47D1D00985900146074 /* times-tablesTests */,
				B7DFD4881D00985900146074 /* times-tablesUITests */,
			);
		};
/* End PBXProject section */

/* Begin PBXResourcesBuildPhase section */
		B7DFD4681D00985900146074 /* Resources */ = {
			isa = PBXResourcesBuildPhase;
			buildActionMask = 2147483647;
			files = (
				B7DFD4781D00985900146074 /* LaunchScreen.storyboard in Resources */,
				B7DFD4751D00985900146074 /* Assets.xcassets in Resources */,
				B7DFD4731D00985900146074 /* Main.storyboard in Resources */,
			);
			runOnlyForDeploymentPostprocessing = 0;
		};
		B7DFD47C1D00985900146074 /* Resources */ = {
			isa = PBXResourcesBuildPhase;
			buildActionMask = 2147483647;
			files = (
			);
			runOnlyForDeploymentPostprocessing = 0;
		};
		B7DFD4871D00985900146074 /* Resources */ = {
			isa = PBXResourcesBuildPhase;
			buildActionMask = 2147483647;
			files = (
			);
			runOnlyForDeploymentPostprocessing = 0;
		};
/* End PBXResourcesBuildPhase section */

/* Begin PBXSourcesBuildPhase section */
		B7DFD4661D00985900146074 /* Sources */ = {
			isa = PBXSourcesBuildPhase;
			buildActionMask = 2147483647;
			files = (
				B7DFD4701D00985900146074 /* ViewController.swift in Sources */,
				B7DFD46E1D00985900146074 /* AppDelegate.swift in Sources */,
			);
			runOnlyForDeploymentPostprocessing = 0;
		};
		B7DFD47A1D00985900146074 /* Sources */ = {
			isa = PBXSourcesBuildPhase;
			buildActionMask = 2147483647;
			files = (
				B7DFD4831D00985900146074 /* times_tablesTests.swift in Sources */,
			);
			runOnlyForDeploymentPostprocessing = 0;
		};
		B7DFD4851D00985900146074 /* Sources */ = {
			isa = PBXSourcesBuildPhase;
			buildActionMask = 2147483647;
			files = (
				B7DFD48E1D00985900146074 /* times_tablesUITests.swift in Sources */,
			);
			runOnlyForDeploymentPostprocessing = 0;
		};
/* End PBXSourcesBuildPhase section */

/* Begin PBXTargetDependency section */
		B7DFD4801D00985900146074 /* PBXTargetDependency */ = {
			isa = PBXTargetDependency;
			target = B7DFD4691D00985900146074 /* times-tables */;
			targetProxy = B7DFD47F1D00985900146074 /* PBXContainerItemProxy */;
		};
		B7DFD48B1D00985900146074 /* PBXTargetDependency */ = {
			isa = PBXTargetDependency;
			target = B7DFD4691D00985900146074 /* times-tables */;
			targetProxy = B7DFD48A1D00985900146074 /* PBXContainerItemProxy */;
		};
/* End PBXTargetDependency section */

/* Begin PBXVariantGroup section */
		B7DFD4711D00985900146074 /* Main.storyboard */ = {
			isa = PBXVariantGroup;
			children = (
				B7DFD4721D00985900146074 /* Base */,
			);
			name = Main.storyboard;
			sourceTree = "<group>";
		};
		B7DFD4761D00985900146074 /* LaunchScreen.storyboard */ = {
			isa = PBXVariantGroup;
			children = (
				B7DFD4771D00985900146074 /* Base */,
			);
			name = LaunchScreen.storyboard;
			sourceTree = "<group>";
		};
/* End PBXVariantGroup section */

/* Begin XCBuildConfiguration section */
		B7DFD4901D00985900146074 /* Debug */ = {
			isa = XCBuildConfiguration;
			buildSettings = {
				ALWAYS_SEARCH_USER_PATHS = NO;
				CLANG_ANALYZER_NONNULL = YES;
				CLANG_CXX_LANGUAGE_STANDARD = "gnu++0x";
				CLANG_CXX_LIBRARY = "libc++";
				CLANG_ENABLE_MODULES = YES;
				CLANG_ENABLE_OBJC_ARC = YES;
				CLANG_WARN_BOOL_CONVERSION = YES;
				CLANG_WARN_CONSTANT_CONVERSION = YES;
				CLANG_WARN_DIRECT_OBJC_ISA_USAGE = YES_ERROR;
				CLANG_WARN_EMPTY_BODY = YES;
				CLANG_WARN_ENUM_CONVERSION = YES;
				CLANG_WARN_INT_CONVERSION = YES;
				CLANG_WARN_OBJC_ROOT_CLASS = YES_ERROR;
				CLANG_WARN_UNREACHABLE_CODE = YES;
				CLANG_WARN__DUPLICATE_METHOD_MATCH = YES;
				"CODE_SIGN_IDENTITY[sdk=iphoneos*]" = "iPhone Developer";
				COPY_PHASE_STRIP = NO;
				DEBUG_INFORMATION_FORMAT = dwarf;
				ENABLE_STRICT_OBJC_MSGSEND = YES;
				ENABLE_TESTABILITY = YES;
				GCC_C_LANGUAGE_STANDARD = gnu99;
				GCC_DYNAMIC_NO_PIC = NO;
				GCC_NO_COMMON_BLOCKS = YES;
				GCC_OPTIMIZATION_LEVEL = 0;
				GCC_PREPROCESSOR_DEFINITIONS = (
					"DEBUG=1",
					"$(inherited)",
				);
				GCC_WARN_64_TO_32_BIT_CONVERSION = YES;
				GCC_WARN_ABOUT_RETURN_TYPE = YES_ERROR;
				GCC_WARN_UNDECLARED_SELECTOR = YES;
				GCC_WARN_UNINITIALIZED_AUTOS = YES_AGGRESSIVE;
				GCC_WARN_UNUSED_FUNCTION = YES;
				GCC_WARN_UNUSED_VARIABLE = YES;
				IPHONEOS_DEPLOYMENT_TARGET = 9.3;
				MTL_ENABLE_DEBUG_INFO = YES;
				ONLY_ACTIVE_ARCH = YES;
				SDKROOT = iphoneos;
				SWIFT_OPTIMIZATION_LEVEL = "-Onone";
				TARGETED_DEVICE_FAMILY = "1,2";
			};
			name = Debug;
		};
		B7DFD4911D00985900146074 /* Release */ = {
			isa = XCBuildConfiguration;
			buildSettings = {
				ALWAYS_SEARCH_USER_PATHS = NO;
				CLANG_ANALYZER_NONNULL = YES;
				CLANG_CXX_LANGUAGE_STANDARD = "gnu++0x";
				CLANG_CXX_LIBRARY = "libc++";
				CLANG_ENABLE_MODULES = YES;
				CLANG_ENABLE_OBJC_ARC = YES;
				CLANG_WARN_BOOL_CONVERSION = YES;
				CLANG_WARN_CONSTANT_CONVERSION = YES;
				CLANG_WARN_DIRECT_OBJC_ISA_USAGE = YES_ERROR;
				CLANG_WARN_EMPTY_BODY = YES;
				CLANG_WARN_ENUM_CONVERSION = YES;
				CLANG_WARN_INT_CONVERSION = YES;
				CLANG_WARN_OBJC_ROOT_CLASS = YES_ERROR;
				CLANG_WARN_UNREACHABLE_CODE = YES;
				CLANG_WARN__DUPLICATE_METHOD_MATCH = YES;
				"CODE_SIGN_IDENTITY[sdk=iphoneos*]" = "iPhone Developer";
				COPY_PHASE_STRIP = NO;
				DEBUG_INFORMATION_FORMAT = "dwarf-with-dsym";
				ENABLE_NS_ASSERTIONS = NO;
				ENABLE_STRICT_OBJC_MSGSEND = YES;
				GCC_C_LANGUAGE_STANDARD = gnu99;
				GCC_NO_COMMON_BLOCKS = YES;
				GCC_WARN_64_TO_32_BIT_CONVERSION = YES;
				GCC_WARN_ABOUT_RETURN_TYPE = YES_ERROR;
				GCC_WARN_UNDECLARED_SELECTOR = YES;
				GCC_WARN_UNINITIALIZED_AUTOS = YES_AGGRESSIVE;
				GCC_WARN_UNUSED_FUNCTION = YES;
				GCC_WARN_UNUSED_VARIABLE = YES;
				IPHONEOS_DEPLOYMENT_TARGET = 9.3;
				MTL_ENABLE_DEBUG_INFO = NO;
				SDKROOT = iphoneos;
				TARGETED_DEVICE_FAMILY = "1,2";
				VALIDATE_PRODUCT = YES;
			};
			name = Release;
		};
		B7DFD4931D00985900146074 /* Debug */ = {
			isa = XCBuildConfiguration;
			buildSettings = {
				ASSETCATALOG_COMPILER_APPICON_NAME = AppIcon;
				INFOPLIST_FILE = "times-tables/Info.plist";
				LD_RUNPATH_SEARCH_PATHS = "$(inherited) @executable_path/Frameworks";
				PRODUCT_BUNDLE_IDENTIFIER = "us.lehuy.times-tables";
				PRODUCT_NAME = "$(TARGET_NAME)";
			};
			name = Debug;
		};
		B7DFD4941D00985900146074 /* Release */ = {
			isa = XCBuildConfiguration;
			buildSettings = {
				ASSETCATALOG_COMPILER_APPICON_NAME = AppIcon;
				INFOPLIST_FILE = "times-tables/Info.plist";
				LD_RUNPATH_SEARCH_PATHS = "$(inherited) @executable_path/Frameworks";
				PRODUCT_BUNDLE_IDENTIFIER = "us.lehuy.times-tables";
				PRODUCT_NAME = "$(TARGET_NAME)";
			};
			name = Release;
		};
		B7DFD4961D00985900146074 /* Debug */ = {
			isa = XCBuildConfiguration;
			buildSettings = {
				BUNDLE_LOADER = "$(TEST_HOST)";
				INFOPLIST_FILE = "times-tablesTests/Info.plist";
				LD_RUNPATH_SEARCH_PATHS = "$(inherited) @executable_path/Frameworks @loader_path/Frameworks";
				PRODUCT_BUNDLE_IDENTIFIER = "us.lehuy.times-tablesTests";
				PRODUCT_NAME = "$(TARGET_NAME)";
				TEST_HOST = "$(BUILT_PRODUCTS_DIR)/times-tables.app/times-tables";
			};
			name = Debug;
		};
		B7DFD4971D00985900146074 /* Release */ = {
			isa = XCBuildConfiguration;
			buildSettings = {
				BUNDLE_LOADER = "$(TEST_HOST)";
				INFOPLIST_FILE = "times-tablesTests/Info.plist";
				LD_RUNPATH_SEARCH_PATHS = "$(inherited) @executable_path/Frameworks @loader_path/Frameworks";
				PRODUCT_BUNDLE_IDENTIFIER = "us.lehuy.times-tablesTests";
				PRODUCT_NAME = "$(TARGET_NAME)";
				TEST_HOST = "$(BUILT_PRODUCTS_DIR)/times-tables.app/times-tables";
			};
			name = Release;
		};
		B7DFD4991D00985900146074 /* Debug */ = {
			isa = XCBuildConfiguration;
			buildSettings = {
				INFOPLIST_FILE = "times-tablesUITests/Info.plist";
				LD_RUNPATH_SEARCH_PATHS = "$(inherited) @executable_path/Frameworks @loader_path/Frameworks";
				PRODUCT_BUNDLE_IDENTIFIER = "us.lehuy.times-tablesUITests";
				PRODUCT_NAME = "$(TARGET_NAME)";
				TEST_TARGET_NAME = "times-tables";
			};
			name = Debug;
		};
		B7DFD49A1D00985900146074 /* Release */ = {
			isa = XCBuildConfiguration;
			buildSettings = {
				INFOPLIST_FILE = "times-tablesUITests/Info.plist";
				LD_RUNPATH_SEARCH_PATHS = "$(inherited) @executable_path/Frameworks @loader_path/Frameworks";
				PRODUCT_BUNDLE_IDENTIFIER = "us.lehuy.times-tablesUITests";
				PRODUCT_NAME = "$(TARGET_NAME)";
				TEST_TARGET_NAME = "times-tables";
			};
			name = Release;
		};
/* End XCBuildConfiguration section */

/* Begin XCConfigurationList section */
		B7DFD4651D00985900146074 /* Build configuration list for PBXProject "times-tables" */ = {
			isa = XCConfigurationList;
			buildConfigurations = (
				B7DFD4901D00985900146074 /* Debug */,
				B7DFD4911D00985900146074 /* Release */,
			);
			defaultConfigurationIsVisible = 0;
			defaultConfigurationName = Release;
		};
		B7DFD4921D00985900146074 /* Build configuration list for PBXNativeTarget "times-tables" */ = {
			isa = XCConfigurationList;
			buildConfigurations = (
				B7DFD4931D00985900146074 /* Debug */,
				B7DFD4941D00985900146074 /* Release */,
			);
			defaultConfigurationIsVisible = 0;
		};
		B7DFD4951D00985900146074 /* Build configuration list for PBXNativeTarget "times-tablesTests" */ = {
			isa = XCConfigurationList;
			buildConfigurations = (
				B7DFD4961D00985900146074 /* Debug */,
				B7DFD4971D00985900146074 /* Release */,
			);
			defaultConfigurationIsVisible = 0;
		};
		B7DFD4981D00985900146074 /* Build configuration list for PBXNativeTarget "times-tablesUITests" */ = {
			isa = XCConfigurationList;
			buildConfigurations = (
				B7DFD4991D00985900146074 /* Debug */,
				B7DFD49A1D00985900146074 /* Release */,
			);
			defaultConfigurationIsVisible = 0;
		};
/* End XCConfigurationList section */
	};
	rootObject = B7DFD4621D00985900146074 /* Project object */;
}
